
Microsoft Visual Studio Solution File, Format Version 12.00
# Visual Studio Version 17
VisualStudioVersion = 17.11.35327.3
MinimumVisualStudioVersion = 10.0.40219.1
Project("{FAE04EC0-301F-11D3-BF4B-00C04F79EFBC}") = "webIntegration", "webIntegration\webIntegration.csproj", "{499564C2-C2B0-4E72-90AD-1245FB2A46C2}"
EndProject
Global
	GlobalSection(SolutionConfigurationPlatforms) = preSolution
		Debug|Any CPU = Debug|Any CPU
		Release|Any CPU = Release|Any CPU
	EndGlobalSection
	GlobalSection(ProjectConfigurationPlatforms) = postSolution
		{499564C2-C2B0-4E72-90AD-1245FB2A46C2}.Debug|Any CPU.ActiveCfg = Debug|Any CPU
		{499564C2-C2B0-4E72-90AD-1245FB2A46C2}.Debug|Any CPU.Build.0 = Debug|Any CPU
		{499564C2-C2B0-4E72-90AD-1245FB2A46C2}.Release|Any CPU.ActiveCfg = Release|Any CPU
		{499564C2-C2B0-4E72-90AD-1245FB2A46C2}.Release|Any CPU.Build.0 = Release|Any CPU
	EndGlobalSection
	GlobalSection(SolutionProperties) = preSolution
		HideSolutionNode = FALSE
	EndGlobalSection
	GlobalSection(ExtensibilityGlobals) = postSolution
		SolutionGuid = {784E2B84-B010-4967-B5FE-DA23A58BDE9B}
	EndGlobalSection
EndGlobal
