
Microsoft Visual Studio Solution File, Format Version 12.00
# Visual Studio Version 17
VisualStudioVersion = 17.9.34723.18
MinimumVisualStudioVersion = 10.0.40219.1
Project("{FAE04EC0-301F-11D3-BF4B-00C04F79EFBC}") = "SVTeen", "SVTeen\SVTeen.csproj", "{DBFFF896-E981-49F8-8520-A95C81A16BA4}"
EndProject
Global
	GlobalSection(SolutionConfigurationPlatforms) = preSolution
		Debug|Any CPU = Debug|Any CPU
		Release|Any CPU = Release|Any CPU
	EndGlobalSection
	GlobalSection(ProjectConfigurationPlatforms) = postSolution
		{DBFFF896-E981-49F8-8520-A95C81A16BA4}.Debug|Any CPU.ActiveCfg = Debug|Any CPU
		{DBFFF896-E981-49F8-8520-A95C81A16BA4}.Debug|Any CPU.Build.0 = Debug|Any CPU
		{DBFFF896-E981-49F8-8520-A95C81A16BA4}.Release|Any CPU.ActiveCfg = Release|Any CPU
		{DBFFF896-E981-49F8-8520-A95C81A16BA4}.Release|Any CPU.Build.0 = Release|Any CPU
	EndGlobalSection
	GlobalSection(SolutionProperties) = preSolution
		HideSolutionNode = FALSE
	EndGlobalSection
	GlobalSection(ExtensibilityGlobals) = postSolution
		SolutionGuid = {EE32101F-D71A-4196-8376-06E30D2B8B79}
	EndGlobalSection
EndGlobal
